// !$*UTF8*$!
{
	archiveVersion = 1;
	classes = {
	};
	objectVersion = 45;
	objects = {

/* Begin PBXBuildFile section */
		1DDD58160DA1D0A300B32029 /* MainMenu.xib in Resources */ = {isa = PBXBuildFile; fileRef = 1DDD58140DA1D0A300B32029 /* MainMenu.xib */; };
		8D11072B0486CEB800E47090 /* InfoPlist.strings in Resources */ = {isa = PBXBuildFile; fileRef = 089C165CFE840E0CC02AAC07 /* InfoPlist.strings */; };
		8D11072D0486CEB800E47090 /* main.m in Sources */ = {isa = PBXBuildFile; fileRef = 29B97316FDCFA39411CA2CEA /* main.m */; settings = {ATTRIBUTES = (); }; };
		8D11072F0486CEB800E47090 /* Cocoa.framework in Frameworks */ = {isa = PBXBuildFile; fileRef = 1058C7A1FEA54F0111CA2CBB /* Cocoa.framework */; };
		A1D4A0DF0F79D311008F1EE8 /* yamdi in Copy Bundle Executables */ = {isa = PBXBuildFile; fileRef = A1D4A0DE0F79D311008F1EE8 /* yamdi */; };
		A1D4A0EC0F79D556008F1EE8 /* GTMScriptRunner.m in Sources */ = {isa = PBXBuildFile; fileRef = A1D4A0EA0F79D556008F1EE8 /* GTMScriptRunner.m */; };
		A1D4A1000F79D6A0008F1EE8 /* GTMSenTestCase.m in Sources */ = {isa = PBXBuildFile; fileRef = A1D4A0FF0F79D69F008F1EE8 /* GTMSenTestCase.m */; };
		A1D4A1020F79D6AC008F1EE8 /* GTMScriptRunnerTest.m in Sources */ = {isa = PBXBuildFile; fileRef = A1D4A0EB0F79D556008F1EE8 /* GTMScriptRunnerTest.m */; };
		A1D4A10C0F79D74B008F1EE8 /* GTMRegex.m in Sources */ = {isa = PBXBuildFile; fileRef = A1D4A10A0F79D74B008F1EE8 /* GTMRegex.m */; };
		A1D4A10E0F79D752008F1EE8 /* GTMRegexTest.m in Sources */ = {isa = PBXBuildFile; fileRef = A1D4A10B0F79D74B008F1EE8 /* GTMRegexTest.m */; };
		A1D4A1BD0F79DBA3008F1EE8 /* GTMUnitTestDevLog.m in Sources */ = {isa = PBXBuildFile; fileRef = A1D4A1060F79D6F3008F1EE8 /* GTMUnitTestDevLog.m */; };
		A1D4A1C00F79DC1F008F1EE8 /* GTMDevLog.m in Sources */ = {isa = PBXBuildFile; fileRef = A1D4A14C0F79D9E9008F1EE8 /* GTMDevLog.m */; };
/* End PBXBuildFile section */

/* Begin PBXContainerItemProxy section */
		A1D4A1110F79D7D1008F1EE8 /* PBXContainerItemProxy */ = {
			isa = PBXContainerItemProxy;
			containerPortal = 29B97313FDCFA39411CA2CEA /* Project object */;
			proxyType = 1;
			remoteGlobalIDString = 8D1107260486CEB800E47090;
			remoteInfo = FLVrInjectr;
		};
/* End PBXContainerItemProxy section */

/* Begin PBXCopyFilesBuildPhase section */
		A1D4A0E30F79D350008F1EE8 /* Copy Bundle Executables */ = {
			isa = PBXCopyFilesBuildPhase;
			buildActionMask = 2147483647;
			dstPath = "";
			dstSubfolderSpec = 6;
			files = (
				A1D4A0DF0F79D311008F1EE8 /* yamdi in Copy Bundle Executables */,
			);
			name = "Copy Bundle Executables";
			runOnlyForDeploymentPostprocessing = 0;
		};
/* End PBXCopyFilesBuildPhase section */

/* Begin PBXFileReference section */
		089C165DFE840E0CC02AAC07 /* English */ = {isa = PBXFileReference; fileEncoding = 10; lastKnownFileType = text.plist.strings; name = English; path = English.lproj/InfoPlist.strings; sourceTree = "<group>"; };
		1058C7A1FEA54F0111CA2CBB /* Cocoa.framework */ = {isa = PBXFileReference; lastKnownFileType = wrapper.framework; name = Cocoa.framework; path = /System/Library/Frameworks/Cocoa.framework; sourceTree = "<absolute>"; };
		13E42FB307B3F0F600E4EEF1 /* CoreData.framework */ = {isa = PBXFileReference; lastKnownFileType = wrapper.framework; name = CoreData.framework; path = /System/Library/Frameworks/CoreData.framework; sourceTree = "<absolute>"; };
		1DDD58150DA1D0A300B32029 /* English */ = {isa = PBXFileReference; lastKnownFileType = file.xib; name = English; path = English.lproj/MainMenu.xib; sourceTree = "<group>"; };
		29B97316FDCFA39411CA2CEA /* main.m */ = {isa = PBXFileReference; fileEncoding = 4; lastKnownFileType = sourcecode.c.objc; path = main.m; sourceTree = "<group>"; };
		29B97324FDCFA39411CA2CEA /* AppKit.framework */ = {isa = PBXFileReference; lastKnownFileType = wrapper.framework; name = AppKit.framework; path = /System/Library/Frameworks/AppKit.framework; sourceTree = "<absolute>"; };
		29B97325FDCFA39411CA2CEA /* Foundation.framework */ = {isa = PBXFileReference; lastKnownFileType = wrapper.framework; name = Foundation.framework; path = /System/Library/Frameworks/Foundation.framework; sourceTree = "<absolute>"; };
		32CA4F630368D1EE00C91783 /* FLVrInjectr_Prefix.pch */ = {isa = PBXFileReference; fileEncoding = 4; lastKnownFileType = sourcecode.c.h; path = FLVrInjectr_Prefix.pch; sourceTree = "<group>"; };
		8D1107310486CEB800E47090 /* Info.plist */ = {isa = PBXFileReference; fileEncoding = 4; lastKnownFileType = text.plist.xml; path = Info.plist; sourceTree = "<group>"; };
		8D1107320486CEB800E47090 /* FLVrInjectr.app */ = {isa = PBXFileReference; explicitFileType = wrapper.application; includeInIndex = 0; path = FLVrInjectr.app; sourceTree = BUILT_PRODUCTS_DIR; };
		A1D4A0DE0F79D311008F1EE8 /* yamdi */ = {isa = PBXFileReference; lastKnownFileType = "compiled.mach-o.executable"; name = yamdi; path = Resources/yamdi; sourceTree = "<group>"; };
		A1D4A0E90F79D542008F1EE8 /* GTMScriptRunner.h */ = {isa = PBXFileReference; fileEncoding = 4; lastKnownFileType = sourcecode.c.h; name = GTMScriptRunner.h; path = "Sources/3rdParty/google-toolbox-for-mac-1-5-1/Foundation/GTMScriptRunner.h"; sourceTree = "<group>"; };
		A1D4A0EA0F79D556008F1EE8 /* GTMScriptRunner.m */ = {isa = PBXFileReference; fileEncoding = 4; lastKnownFileType = sourcecode.c.objc; name = GTMScriptRunner.m; path = "Sources/3rdParty/google-toolbox-for-mac-1-5-1/Foundation/GTMScriptRunner.m"; sourceTree = "<group>"; };
		A1D4A0EB0F79D556008F1EE8 /* GTMScriptRunnerTest.m */ = {isa = PBXFileReference; fileEncoding = 4; lastKnownFileType = sourcecode.c.objc; name = GTMScriptRunnerTest.m; path = "Sources/3rdParty/google-toolbox-for-mac-1-5-1/Foundation/GTMScriptRunnerTest.m"; sourceTree = "<group>"; };
		A1D4A0F00F79D592008F1EE8 /* GTMDefines.h */ = {isa = PBXFileReference; fileEncoding = 4; lastKnownFileType = sourcecode.c.h; name = GTMDefines.h; path = "Sources/3rdParty/google-toolbox-for-mac-1-5-1/GTMDefines.h"; sourceTree = "<group>"; };
		A1D4A0F90F79D649008F1EE8 /* FLVrInjectr Unit Tests.octest */ = {isa = PBXFileReference; explicitFileType = wrapper.cfbundle; includeInIndex = 0; path = "FLVrInjectr Unit Tests.octest"; sourceTree = BUILT_PRODUCTS_DIR; };
		A1D4A0FA0F79D649008F1EE8 /* FLVrInjectr Unit Tests-Info.plist */ = {isa = PBXFileReference; lastKnownFileType = text.plist.xml; path = "FLVrInjectr Unit Tests-Info.plist"; sourceTree = "<group>"; };
		A1D4A0FE0F79D69F008F1EE8 /* GTMSenTestCase.h */ = {isa = PBXFileReference; fileEncoding = 4; lastKnownFileType = sourcecode.c.h; name = GTMSenTestCase.h; path = "Sources/3rdParty/google-toolbox-for-mac-1-5-1/UnitTesting/GTMSenTestCase.h"; sourceTree = "<group>"; };
		A1D4A0FF0F79D69F008F1EE8 /* GTMSenTestCase.m */ = {isa = PBXFileReference; fileEncoding = 4; lastKnownFileType = sourcecode.c.objc; name = GTMSenTestCase.m; path = "Sources/3rdParty/google-toolbox-for-mac-1-5-1/UnitTesting/GTMSenTestCase.m"; sourceTree = "<group>"; };
		A1D4A1050F79D6F3008F1EE8 /* GTMUnitTestDevLog.h */ = {isa = PBXFileReference; fileEncoding = 4; lastKnownFileType = sourcecode.c.h; name = GTMUnitTestDevLog.h; path = "Sources/3rdParty/google-toolbox-for-mac-1-5-1/UnitTesting/GTMUnitTestDevLog.h"; sourceTree = "<group>"; };
		A1D4A1060F79D6F3008F1EE8 /* GTMUnitTestDevLog.m */ = {isa = PBXFileReference; fileEncoding = 4; lastKnownFileType = sourcecode.c.objc; name = GTMUnitTestDevLog.m; path = "Sources/3rdParty/google-toolbox-for-mac-1-5-1/UnitTesting/GTMUnitTestDevLog.m"; sourceTree = "<group>"; };
		A1D4A1090F79D74B008F1EE8 /* GTMRegex.h */ = {isa = PBXFileReference; fileEncoding = 4; lastKnownFileType = sourcecode.c.h; name = GTMRegex.h; path = "Sources/3rdParty/google-toolbox-for-mac-1-5-1/Foundation/GTMRegex.h"; sourceTree = "<group>"; };
		A1D4A10A0F79D74B008F1EE8 /* GTMRegex.m */ = {isa = PBXFileReference; fileEncoding = 4; lastKnownFileType = sourcecode.c.objc; name = GTMRegex.m; path = "Sources/3rdParty/google-toolbox-for-mac-1-5-1/Foundation/GTMRegex.m"; sourceTree = "<group>"; };
		A1D4A10B0F79D74B008F1EE8 /* GTMRegexTest.m */ = {isa = PBXFileReference; fileEncoding = 4; lastKnownFileType = sourcecode.c.objc; name = GTMRegexTest.m; path = "Sources/3rdParty/google-toolbox-for-mac-1-5-1/Foundation/GTMRegexTest.m"; sourceTree = "<group>"; };
		A1D4A14C0F79D9E9008F1EE8 /* GTMDevLog.m */ = {isa = PBXFileReference; fileEncoding = 4; lastKnownFileType = sourcecode.c.objc; name = GTMDevLog.m; path = "Sources/3rdParty/google-toolbox-for-mac-1-5-1/DebugUtils/GTMDevLog.m"; sourceTree = "<group>"; };
/* End PBXFileReference section */

/* Begin PBXFrameworksBuildPhase section */
		8D11072E0486CEB800E47090 /* Frameworks */ = {
			isa = PBXFrameworksBuildPhase;
			buildActionMask = 2147483647;
			files = (
				8D11072F0486CEB800E47090 /* Cocoa.framework in Frameworks */,
			);
			runOnlyForDeploymentPostprocessing = 0;
		};
		A1D4A0F60F79D649008F1EE8 /* Frameworks */ = {
			isa = PBXFrameworksBuildPhase;
			buildActionMask = 2147483647;
			files = (
			);
			runOnlyForDeploymentPostprocessing = 0;
		};
/* End PBXFrameworksBuildPhase section */

/* Begin PBXGroup section */
		080E96DDFE201D6D7F000001 /* Classes */ = {
			isa = PBXGroup;
			children = (
			);
			name = Classes;
			sourceTree = "<group>";
		};
		1058C7A0FEA54F0111CA2CBB /* Linked Frameworks */ = {
			isa = PBXGroup;
			children = (
				1058C7A1FEA54F0111CA2CBB /* Cocoa.framework */,
			);
			name = "Linked Frameworks";
			sourceTree = "<group>";
		};
		1058C7A2FEA54F0111CA2CBB /* Other Frameworks */ = {
			isa = PBXGroup;
			children = (
				29B97324FDCFA39411CA2CEA /* AppKit.framework */,
				13E42FB307B3F0F600E4EEF1 /* CoreData.framework */,
				29B97325FDCFA39411CA2CEA /* Foundation.framework */,
			);
			name = "Other Frameworks";
			sourceTree = "<group>";
		};
		19C28FACFE9D520D11CA2CBB /* Products */ = {
			isa = PBXGroup;
			children = (
				8D1107320486CEB800E47090 /* FLVrInjectr.app */,
				A1D4A0F90F79D649008F1EE8 /* FLVrInjectr Unit Tests.octest */,
			);
			name = Products;
			sourceTree = "<group>";
		};
		29B97314FDCFA39411CA2CEA /* FLVrInjectr */ = {
			isa = PBXGroup;
			children = (
				080E96DDFE201D6D7F000001 /* Classes */,
				A1D4A0E40F79D4F0008F1EE8 /* GTM */,
				29B97315FDCFA39411CA2CEA /* Other Sources */,
				29B97317FDCFA39411CA2CEA /* Resources */,
				29B97323FDCFA39411CA2CEA /* Frameworks */,
				19C28FACFE9D520D11CA2CBB /* Products */,
				A1D4A0FA0F79D649008F1EE8 /* FLVrInjectr Unit Tests-Info.plist */,
			);
			name = FLVrInjectr;
			sourceTree = "<group>";
		};
		29B97315FDCFA39411CA2CEA /* Other Sources */ = {
			isa = PBXGroup;
			children = (
				32CA4F630368D1EE00C91783 /* FLVrInjectr_Prefix.pch */,
				29B97316FDCFA39411CA2CEA /* main.m */,
			);
			name = "Other Sources";
			sourceTree = "<group>";
		};
		29B97317FDCFA39411CA2CEA /* Resources */ = {
			isa = PBXGroup;
			children = (
				A1D4A0DE0F79D311008F1EE8 /* yamdi */,
				8D1107310486CEB800E47090 /* Info.plist */,
				089C165CFE840E0CC02AAC07 /* InfoPlist.strings */,
				1DDD58140DA1D0A300B32029 /* MainMenu.xib */,
			);
			name = Resources;
			sourceTree = "<group>";
		};
		29B97323FDCFA39411CA2CEA /* Frameworks */ = {
			isa = PBXGroup;
			children = (
				1058C7A0FEA54F0111CA2CBB /* Linked Frameworks */,
				1058C7A2FEA54F0111CA2CBB /* Other Frameworks */,
			);
			name = Frameworks;
			sourceTree = "<group>";
		};
		A1D4A0E40F79D4F0008F1EE8 /* GTM */ = {
			isa = PBXGroup;
			children = (
				A1D4A0F00F79D592008F1EE8 /* GTMDefines.h */,
				A1D4A1A50F79DA67008F1EE8 /* DebugUtils */,
				A1D4A1A40F79DA5A008F1EE8 /* Foundation */,
				A1D4A1A60F79DA74008F1EE8 /* UnitTesting */,
			);
			name = GTM;
			sourceTree = "<group>";
		};
		A1D4A1A40F79DA5A008F1EE8 /* Foundation */ = {
			isa = PBXGroup;
			children = (
				A1D4A1090F79D74B008F1EE8 /* GTMRegex.h */,
				A1D4A10A0F79D74B008F1EE8 /* GTMRegex.m */,
				A1D4A10B0F79D74B008F1EE8 /* GTMRegexTest.m */,
				A1D4A0E90F79D542008F1EE8 /* GTMScriptRunner.h */,
				A1D4A0EA0F79D556008F1EE8 /* GTMScriptRunner.m */,
				A1D4A0EB0F79D556008F1EE8 /* GTMScriptRunnerTest.m */,
			);
			name = Foundation;
			sourceTree = "<group>";
		};
		A1D4A1A50F79DA67008F1EE8 /* DebugUtils */ = {
			isa = PBXGroup;
			children = (
				A1D4A14C0F79D9E9008F1EE8 /* GTMDevLog.m */,
			);
			name = DebugUtils;
			sourceTree = "<group>";
		};
		A1D4A1A60F79DA74008F1EE8 /* UnitTesting */ = {
			isa = PBXGroup;
			children = (
				A1D4A0FE0F79D69F008F1EE8 /* GTMSenTestCase.h */,
				A1D4A0FF0F79D69F008F1EE8 /* GTMSenTestCase.m */,
				A1D4A1050F79D6F3008F1EE8 /* GTMUnitTestDevLog.h */,
				A1D4A1060F79D6F3008F1EE8 /* GTMUnitTestDevLog.m */,
			);
			name = UnitTesting;
			sourceTree = "<group>";
		};
/* End PBXGroup section */

/* Begin PBXNativeTarget section */
		8D1107260486CEB800E47090 /* FLVrInjectr */ = {
			isa = PBXNativeTarget;
			buildConfigurationList = C01FCF4A08A954540054247B /* Build configuration list for PBXNativeTarget "FLVrInjectr" */;
			buildPhases = (
				8D1107290486CEB800E47090 /* Resources */,
				A1D4A0E30F79D350008F1EE8 /* Copy Bundle Executables */,
				8D11072C0486CEB800E47090 /* Sources */,
				8D11072E0486CEB800E47090 /* Frameworks */,
			);
			buildRules = (
			);
			dependencies = (
			);
			name = FLVrInjectr;
			productInstallPath = "$(HOME)/Applications";
			productName = FLVrInjectr;
			productReference = 8D1107320486CEB800E47090 /* FLVrInjectr.app */;
			productType = "com.apple.product-type.application";
		};
		A1D4A0F80F79D649008F1EE8 /* FLVrInjectr Unit Tests */ = {
			isa = PBXNativeTarget;
			buildConfigurationList = A1D4A0FD0F79D64E008F1EE8 /* Build configuration list for PBXNativeTarget "FLVrInjectr Unit Tests" */;
			buildPhases = (
				A1D4A0F40F79D649008F1EE8 /* Resources */,
				A1D4A0F50F79D649008F1EE8 /* Sources */,
				A1D4A0F60F79D649008F1EE8 /* Frameworks */,
				A1D4A0F70F79D649008F1EE8 /* ShellScript */,
			);
			buildRules = (
			);
			dependencies = (
				A1D4A1120F79D7D1008F1EE8 /* PBXTargetDependency */,
			);
			name = "FLVrInjectr Unit Tests";
			productName = "FLVrInjectr Unit Tests";
			productReference = A1D4A0F90F79D649008F1EE8 /* FLVrInjectr Unit Tests.octest */;
			productType = "com.apple.product-type.bundle";
		};
/* End PBXNativeTarget section */

/* Begin PBXProject section */
		29B97313FDCFA39411CA2CEA /* Project object */ = {
			isa = PBXProject;
			buildConfigurationList = C01FCF4E08A954540054247B /* Build configuration list for PBXProject "FLVrInjectr" */;
			compatibilityVersion = "Xcode 3.1";
			hasScannedForEncodings = 1;
			mainGroup = 29B97314FDCFA39411CA2CEA /* FLVrInjectr */;
			projectDirPath = "";
			projectRoot = "";
			targets = (
				8D1107260486CEB800E47090 /* FLVrInjectr */,
				A1D4A0F80F79D649008F1EE8 /* FLVrInjectr Unit Tests */,
			);
		};
/* End PBXProject section */

/* Begin PBXResourcesBuildPhase section */
		8D1107290486CEB800E47090 /* Resources */ = {
			isa = PBXResourcesBuildPhase;
			buildActionMask = 2147483647;
			files = (
				8D11072B0486CEB800E47090 /* InfoPlist.strings in Resources */,
				1DDD58160DA1D0A300B32029 /* MainMenu.xib in Resources */,
			);
			runOnlyForDeploymentPostprocessing = 0;
		};
		A1D4A0F40F79D649008F1EE8 /* Resources */ = {
			isa = PBXResourcesBuildPhase;
			buildActionMask = 2147483647;
			files = (
			);
			runOnlyForDeploymentPostprocessing = 0;
		};
/* End PBXResourcesBuildPhase section */

/* Begin PBXShellScriptBuildPhase section */
		A1D4A0F70F79D649008F1EE8 /* ShellScript */ = {
			isa = PBXShellScriptBuildPhase;
			buildActionMask = 2147483647;
			files = (
			);
			inputPaths = (
			);
			outputPaths = (
			);
			runOnlyForDeploymentPostprocessing = 0;
			shellPath = /bin/sh;
			shellScript = "# Run the unit tests in this test bundle.\n\"${SYSTEM_DEVELOPER_DIR}/Tools/RunUnitTests\"\n";
		};
/* End PBXShellScriptBuildPhase section */

/* Begin PBXSourcesBuildPhase section */
		8D11072C0486CEB800E47090 /* Sources */ = {
			isa = PBXSourcesBuildPhase;
			buildActionMask = 2147483647;
			files = (
				8D11072D0486CEB800E47090 /* main.m in Sources */,
				A1D4A0EC0F79D556008F1EE8 /* GTMScriptRunner.m in Sources */,
				A1D4A10C0F79D74B008F1EE8 /* GTMRegex.m in Sources */,
				A1D4A1C00F79DC1F008F1EE8 /* GTMDevLog.m in Sources */,
			);
			runOnlyForDeploymentPostprocessing = 0;
		};
		A1D4A0F50F79D649008F1EE8 /* Sources */ = {
			isa = PBXSourcesBuildPhase;
			buildActionMask = 2147483647;
			files = (
				A1D4A1000F79D6A0008F1EE8 /* GTMSenTestCase.m in Sources */,
				A1D4A1020F79D6AC008F1EE8 /* GTMScriptRunnerTest.m in Sources */,
				A1D4A10E0F79D752008F1EE8 /* GTMRegexTest.m in Sources */,
				A1D4A1BD0F79DBA3008F1EE8 /* GTMUnitTestDevLog.m in Sources */,
			);
			runOnlyForDeploymentPostprocessing = 0;
		};
/* End PBXSourcesBuildPhase section */

/* Begin PBXTargetDependency section */
		A1D4A1120F79D7D1008F1EE8 /* PBXTargetDependency */ = {
			isa = PBXTargetDependency;
			target = 8D1107260486CEB800E47090 /* FLVrInjectr */;
			targetProxy = A1D4A1110F79D7D1008F1EE8 /* PBXContainerItemProxy */;
		};
/* End PBXTargetDependency section */

/* Begin PBXVariantGroup section */
		089C165CFE840E0CC02AAC07 /* InfoPlist.strings */ = {
			isa = PBXVariantGroup;
			children = (
				089C165DFE840E0CC02AAC07 /* English */,
			);
			name = InfoPlist.strings;
			sourceTree = "<group>";
		};
		1DDD58140DA1D0A300B32029 /* MainMenu.xib */ = {
			isa = PBXVariantGroup;
			children = (
				1DDD58150DA1D0A300B32029 /* English */,
			);
			name = MainMenu.xib;
			sourceTree = "<group>";
		};
/* End PBXVariantGroup section */

/* Begin XCBuildConfiguration section */
		A1D4A0FB0F79D64D008F1EE8 /* Debug */ = {
			isa = XCBuildConfiguration;
			buildSettings = {
				ALWAYS_SEARCH_USER_PATHS = NO;
				BUNDLE_LOADER = "$(TEST_HOST)";
				COPY_PHASE_STRIP = NO;
				FRAMEWORK_SEARCH_PATHS = "$(DEVELOPER_LIBRARY_DIR)/Frameworks";
				GCC_DYNAMIC_NO_PIC = NO;
				GCC_ENABLE_FIX_AND_CONTINUE = NO;
				GCC_ENABLE_OBJC_EXCEPTIONS = YES;
				GCC_MODEL_TUNING = G5;
				GCC_OPTIMIZATION_LEVEL = 0;
				GCC_PRECOMPILE_PREFIX_HEADER = YES;
				GCC_PREFIX_HEADER = "$(SYSTEM_LIBRARY_DIR)/Frameworks/Cocoa.framework/Headers/Cocoa.h";
				INFOPLIST_FILE = "FLVrInjectr Unit Tests-Info.plist";
				INSTALL_PATH = "$(USER_LIBRARY_DIR)/Bundles";
				OTHER_LDFLAGS = (
					"-framework",
					Cocoa,
					"-framework",
					SenTestingKit,
				);
				PREBINDING = NO;
				PRODUCT_NAME = "FLVrInjectr Unit Tests";
				TEST_HOST = "$(BUILT_PRODUCTS_DIR)/FLVrInjectr.app/Contents/MacOS/FLVrInjectr";
				WRAPPER_EXTENSION = octest;
			};
			name = Debug;
		};
		A1D4A0FC0F79D64D008F1EE8 /* Release */ = {
			isa = XCBuildConfiguration;
			buildSettings = {
				ALWAYS_SEARCH_USER_PATHS = NO;
				BUNDLE_LOADER = "$(TEST_HOST)";
				COPY_PHASE_STRIP = YES;
				DEBUG_INFORMATION_FORMAT = "dwarf-with-dsym";
				FRAMEWORK_SEARCH_PATHS = "$(DEVELOPER_LIBRARY_DIR)/Frameworks";
				GCC_ENABLE_FIX_AND_CONTINUE = NO;
				GCC_ENABLE_OBJC_EXCEPTIONS = YES;
				GCC_MODEL_TUNING = G5;
				GCC_PRECOMPILE_PREFIX_HEADER = YES;
				GCC_PREFIX_HEADER = "$(SYSTEM_LIBRARY_DIR)/Frameworks/Cocoa.framework/Headers/Cocoa.h";
				INFOPLIST_FILE = "FLVrInjectr Unit Tests-Info.plist";
				INSTALL_PATH = "$(USER_LIBRARY_DIR)/Bundles";
				OTHER_LDFLAGS = (
					"-framework",
					Cocoa,
					"-framework",
					SenTestingKit,
				);
				PREBINDING = NO;
				PRODUCT_NAME = "FLVrInjectr Unit Tests";
				TEST_HOST = "$(BUILT_PRODUCTS_DIR)/FLVrInjectr.app/Contents/MacOS/FLVrInjectr";
				WRAPPER_EXTENSION = octest;
				ZERO_LINK = NO;
			};
			name = Release;
		};
		C01FCF4B08A954540054247B /* Debug */ = {
			isa = XCBuildConfiguration;
			buildSettings = {
				ALWAYS_SEARCH_USER_PATHS = NO;
				COPY_PHASE_STRIP = NO;
				GCC_DYNAMIC_NO_PIC = NO;
				GCC_ENABLE_FIX_AND_CONTINUE = YES;
				GCC_MODEL_TUNING = G5;
				GCC_OPTIMIZATION_LEVEL = 0;
				GCC_PRECOMPILE_PREFIX_HEADER = YES;
				GCC_PREFIX_HEADER = FLVrInjectr_Prefix.pch;
				INFOPLIST_FILE = Info.plist;
				INSTALL_PATH = "$(HOME)/Applications";
				PRODUCT_NAME = FLVrInjectr;
			};
			name = Debug;
		};
		C01FCF4C08A954540054247B /* Release */ = {
			isa = XCBuildConfiguration;
			buildSettings = {
				ALWAYS_SEARCH_USER_PATHS = NO;
				DEBUG_INFORMATION_FORMAT = "dwarf-with-dsym";
				GCC_MODEL_TUNING = G5;
				GCC_PRECOMPILE_PREFIX_HEADER = YES;
				GCC_PREFIX_HEADER = FLVrInjectr_Prefix.pch;
				INFOPLIST_FILE = Info.plist;
				INSTALL_PATH = "$(HOME)/Applications";
				PRODUCT_NAME = FLVrInjectr;
			};
			name = Release;
		};
		C01FCF4F08A954540054247B /* Debug */ = {
			isa = XCBuildConfiguration;
			buildSettings = {
				ARCHS = "$(ARCHS_STANDARD_32_BIT)";
				GCC_C_LANGUAGE_STANDARD = c99;
				GCC_OPTIMIZATION_LEVEL = 0;
				GCC_WARN_ABOUT_RETURN_TYPE = YES;
				GCC_WARN_UNUSED_VARIABLE = YES;
				ONLY_ACTIVE_ARCH = YES;
				PREBINDING = NO;
				SDKROOT = macosx10.5;
			};
			name = Debug;
		};
		C01FCF5008A954540054247B /* Release */ = {
			isa = XCBuildConfiguration;
			buildSettings = {
				ARCHS = "$(ARCHS_STANDARD_32_BIT)";
				GCC_C_LANGUAGE_STANDARD = c99;
				GCC_WARN_ABOUT_RETURN_TYPE = YES;
				GCC_WARN_UNUSED_VARIABLE = YES;
				PREBINDING = NO;
				SDKROOT = macosx10.5;
			};
			name = Release;
		};
/* End XCBuildConfiguration section */

/* Begin XCConfigurationList section */
		A1D4A0FD0F79D64E008F1EE8 /* Build configuration list for PBXNativeTarget "FLVrInjectr Unit Tests" */ = {
			isa = XCConfigurationList;
			buildConfigurations = (
				A1D4A0FB0F79D64D008F1EE8 /* Debug */,
				A1D4A0FC0F79D64D008F1EE8 /* Release */,
			);
			defaultConfigurationIsVisible = 0;
			defaultConfigurationName = Release;
		};
		C01FCF4A08A954540054247B /* Build configuration list for PBXNativeTarget "FLVrInjectr" */ = {
			isa = XCConfigurationList;
			buildConfigurations = (
				C01FCF4B08A954540054247B /* Debug */,
				C01FCF4C08A954540054247B /* Release */,
			);
			defaultConfigurationIsVisible = 0;
			defaultConfigurationName = Release;
		};
		C01FCF4E08A954540054247B /* Build configuration list for PBXProject "FLVrInjectr" */ = {
			isa = XCConfigurationList;
			buildConfigurations = (
				C01FCF4F08A954540054247B /* Debug */,
				C01FCF5008A954540054247B /* Release */,
			);
			defaultConfigurationIsVisible = 0;
			defaultConfigurationName = Release;
		};
/* End XCConfigurationList section */
	};
	rootObject = 29B97313FDCFA39411CA2CEA /* Project object */;
}
